
Microsoft Visual Studio Solution File, Format Version 12.00
# Visual Studio 15
VisualStudioVersion = 15.0.28307.779
MinimumVisualStudioVersion = 10.0.40219.1
Project("{FAE04EC0-301F-11D3-BF4B-00C04F79EFBC}") = "IEE322", "IEE322\IEE322.csproj", "{795ECEB4-FA58-4F3E-973D-B6268B3B5DF5}"
EndProject
Global
	GlobalSection(SolutionConfigurationPlatforms) = preSolution
		Debug|Any CPU = Debug|Any CPU
		Release|Any CPU = Release|Any CPU
	EndGlobalSection
	GlobalSection(ProjectConfigurationPlatforms) = postSolution
		{795ECEB4-FA58-4F3E-973D-B6268B3B5DF5}.Debug|Any CPU.ActiveCfg = Debug|Any CPU
		{795ECEB4-FA58-4F3E-973D-B6268B3B5DF5}.Debug|Any CPU.Build.0 = Debug|Any CPU
		{795ECEB4-FA58-4F3E-973D-B6268B3B5DF5}.Release|Any CPU.ActiveCfg = Release|Any CPU
		{795ECEB4-FA58-4F3E-973D-B6268B3B5DF5}.Release|Any CPU.Build.0 = Release|Any CPU
	EndGlobalSection
	GlobalSection(SolutionProperties) = preSolution
		HideSolutionNode = FALSE
	EndGlobalSection
	GlobalSection(ExtensibilityGlobals) = postSolution
		SolutionGuid = {054114E3-6D36-414B-A73E-0C1F75ADBCD7}
	EndGlobalSection
EndGlobal
